
Microsoft Visual Studio Solution File, Format Version 12.00
# Visual Studio Version 17
VisualStudioVersion = 17.14.36705.20 d17.14
MinimumVisualStudioVersion = 10.0.40219.1
Project("{FAE04EC0-301F-11D3-BF4B-00C04F79EFBC}") = "WebBank.Domain", "src\WebBank.Domain\WebBank.Domain.csproj", "{1C0B78EF-5A96-4DF4-B4A1-AE6975003F3D}"
EndProject
Global
	GlobalSection(SolutionConfigurationPlatforms) = preSolution
		Debug|Any CPU = Debug|Any CPU
		Release|Any CPU = Release|Any CPU
	EndGlobalSection
	GlobalSection(ProjectConfigurationPlatforms) = postSolution
		{1C0B78EF-5A96-4DF4-B4A1-AE6975003F3D}.Debug|Any CPU.ActiveCfg = Debug|Any CPU
		{1C0B78EF-5A96-4DF4-B4A1-AE6975003F3D}.Debug|Any CPU.Build.0 = Debug|Any CPU
		{1C0B78EF-5A96-4DF4-B4A1-AE6975003F3D}.Release|Any CPU.ActiveCfg = Release|Any CPU
		{1C0B78EF-5A96-4DF4-B4A1-AE6975003F3D}.Release|Any CPU.Build.0 = Release|Any CPU
	EndGlobalSection
	GlobalSection(SolutionProperties) = preSolution
		HideSolutionNode = FALSE
	EndGlobalSection
	GlobalSection(ExtensibilityGlobals) = postSolution
		SolutionGuid = {64BD44F1-7AAF-4047-9E9C-A69B9D5D3EAB}
	EndGlobalSection
EndGlobal
